{
  "name": "@remotion/animation-utils",
  "version": "0.0.1",
  "lockfileVersion": 3,
  "requires": true,
  "packages": {
    "": {
      "name": "@remotion/animation-utils",
      "version": "0.0.1",
      "devDependencies": {
        "remotion": "^4.0.46"
      },
      "peerDependencies": {
        "react": "^18.2.0",
        "react-dom": "^18.2.0",
        "remotion": "*"
      }
    },
    "../../node_modules/.pnpm/remotion@4.0.46_react-dom@18.2.0_react@18.2.0/node_modules/remotion": {
      "version": "4.0.46",
      "dev": true,
      "license": "SEE LICENSE IN LICENSE.md",
      "devDependencies": {
        "@jonny/eslint-config": "3.0.273",
        "@rollup/plugin-typescript": "^8.2.0",
        "@testing-library/react": "14.0.0",
        "@types/node": "18.14.6",
        "@types/react": "18.0.26",
        "@types/react-dom": "18.0.10",
        "@vitejs/plugin-react": "^2.0.0",
        "eslint": "8.42.0",
        "eslint-plugin-require-extensions": "^0.1.2",
        "jsdom": "21.1.0",
        "prettier": "3.0.2",
        "prettier-plugin-organize-imports": "^3.2.2",
        "react": "^18.0.0",
        "react-dom": "^18.0.0",
        "rimraf": "^3.0.2",
        "rollup": "^2.70.1",
        "vitest": "0.31.1",
        "webpack": "5.83.1",
        "zod": "3.22.3"
      },
      "peerDependencies": {
        "react": ">=16.8.0",
        "react-dom": ">=16.8.0"
      }
    },
    "node_modules/js-tokens": {
      "version": "4.0.0",
      "resolved": "https://registry.npmjs.org/js-tokens/-/js-tokens-4.0.0.tgz",
      "integrity": "sha512-RdJUflcE3cUzKiMqQgsCu06FPu9UdIJO0beYbPhHN4k6apgJtifcoCtT9bcxOpYBtpD2kCM6Sbzg4CausW/PKQ==",
      "peer": true
    },
    "node_modules/loose-envify": {
      "version": "1.4.0",
      "resolved": "https://registry.npmjs.org/loose-envify/-/loose-envify-1.4.0.tgz",
      "integrity": "sha512-lyuxPGr/Wfhrlem2CL/UcnUc1zcqKAImBDzukY7Y5F/yQiNdko6+fRLevlw1HgMySw7f611UIY408EtxRSoK3Q==",
      "peer": true,
      "dependencies": {
        "js-tokens": "^3.0.0 || ^4.0.0"
      },
      "bin": {
        "loose-envify": "cli.js"
      }
    },
    "node_modules/react": {
      "version": "18.2.0",
      "resolved": "https://registry.npmjs.org/react/-/react-18.2.0.tgz",
      "integrity": "sha512-/3IjMdb2L9QbBdWiW5e3P2/npwMBaU9mHCSCUzNln0ZCYbcfTsGbTJrU/kGemdH2IWmB2ioZ+zkxtmq6g09fGQ==",
      "peer": true,
      "dependencies": {
        "loose-envify": "^1.1.0"
      },
      "engines": {
        "node": ">=0.10.0"
      }
    },
    "node_modules/react-dom": {
      "version": "18.2.0",
      "resolved": "https://registry.npmjs.org/react-dom/-/react-dom-18.2.0.tgz",
      "integrity": "sha512-6IMTriUmvsjHUjNtEDudZfuDQUoWXVxKHhlEGSk81n4YFS+r/Kl99wXiwlVXtPBtJenozv2P+hxDsw9eA7Xo6g==",
      "peer": true,
      "dependencies": {
        "loose-envify": "^1.1.0",
        "scheduler": "^0.23.0"
      },
      "peerDependencies": {
        "react": "^18.2.0"
      }
    },
    "node_modules/remotion": {
      "resolved": "../../node_modules/.pnpm/remotion@4.0.46_react-dom@18.2.0_react@18.2.0/node_modules/remotion",
      "link": true
    },
    "node_modules/scheduler": {
      "version": "0.23.0",
      "resolved": "https://registry.npmjs.org/scheduler/-/scheduler-0.23.0.tgz",
      "integrity": "sha512-CtuThmgHNg7zIZWAXi3AsyIzA3n4xx7aNyjwC2VJldO2LMVDhFK+63xGqq6CsJH4rTAt6/M+N4GhZiDYPx9eUw==",
      "peer": true,
      "dependencies": {
        "loose-envify": "^1.1.0"
      }
    }
  }
}
