{
  "lockfileVersion": 1,
  "workspaces": {
    "": {
      "name": "remotion-monorepo",
      "dependencies": {
        "turbo": "2.4.4",
        "typescript": "5.8.2",
      },
      "devDependencies": {
        "@types/bun": "1.2.8",
        "@types/deno": "2.0.0",
        "@types/react": "19.0.0",
        "@types/react-dom": "19.0.0",
        "prettier": "3.3.3",
        "prettier-plugin-organize-imports": "3.2.4",
      },
    },
  },
  "packages": {
    "@types/bun": ["@types/bun@1.2.8", "", { "dependencies": { "bun-types": "1.2.7" } }, "sha512-t8L1RvJVUghW5V+M/fL3Thbxcs0HwNsXsnTEBEfEVqGteiJToOlZ/fyOEaR1kZsNqnu+3XA4RI/qmnX4w6+S+w=="],

    "@types/deno": ["@types/deno@2.0.0", "", {}, "sha512-O9/jRVlq93kqfkl4sYR5N7+Pz4ukzXVIbMnE/VgvpauNHsvjQ9iBVnJ3X0gAvMa2khcoFD8DSO7mQVCuiuDMPg=="],

    "@types/node": ["@types/node@24.0.1", "", { "dependencies": { "undici-types": "~7.8.0" } }, "sha512-MX4Zioh39chHlDJbKmEgydJDS3tspMP/lnQC67G3SWsTnb9NeYVWOjkxpOSy4oMfPs4StcWHwBrvUb4ybfnuaw=="],

    "@types/react": ["@types/react@19.0.0", "", { "dependencies": { "csstype": "^3.0.2" } }, "sha512-MY3oPudxvMYyesqs/kW1Bh8y9VqSmf+tzqw3ae8a9DZW68pUe3zAdHeI1jc6iAysuRdACnVknHP8AhwD4/dxtg=="],

    "@types/react-dom": ["@types/react-dom@19.0.0", "", { "dependencies": { "@types/react": "*" } }, "sha512-1KfiQKsH1o00p9m5ag12axHQSb3FOU9H20UTrujVSkNhuCrRHiQWFqgEnTNK5ZNfnzZv8UWrnXVqCmCF9fgY3w=="],

    "@types/ws": ["@types/ws@8.18.1", "", { "dependencies": { "@types/node": "*" } }, "sha512-ThVF6DCVhA8kUGy+aazFQ4kXQ7E1Ty7A3ypFOe0IcJV8O/M511G99AW24irKrW56Wt44yG9+ij8FaqoBGkuBXg=="],

    "bun-types": ["bun-types@1.2.7", "", { "dependencies": { "@types/node": "*", "@types/ws": "*" } }, "sha512-P4hHhk7kjF99acXqKvltyuMQ2kf/rzIw3ylEDpCxDS9Xa0X0Yp/gJu/vDCucmWpiur5qJ0lwB2bWzOXa2GlHqA=="],

    "csstype": ["csstype@3.1.3", "", {}, "sha512-M1uQkMl8rQK/szD0LNhtqxIPLpimGm8sOBwU7lLnCpSbTyY3yeU1Vc7l4KT5zT4s/yOxHH5O7tIuuLOCnLADRw=="],

    "prettier": ["prettier@3.3.3", "", { "bin": { "prettier": "bin/prettier.cjs" } }, "sha512-i2tDNA0O5IrMO757lfrdQZCc2jPNDVntV0m/+4whiDfWaTKfMNgR7Qz0NAeGz/nRqF4m5/6CLzbP4/liHt12Ew=="],

    "prettier-plugin-organize-imports": ["prettier-plugin-organize-imports@3.2.4", "", { "peerDependencies": { "@volar/vue-language-plugin-pug": "^1.0.4", "@volar/vue-typescript": "^1.0.4", "prettier": ">=2.0", "typescript": ">=2.9" }, "optionalPeers": ["@volar/vue-language-plugin-pug", "@volar/vue-typescript"] }, "sha512-6m8WBhIp0dfwu0SkgfOxJqh+HpdyfqSSLfKKRZSFbDuEQXDDndb8fTpRWkUrX/uBenkex3MgnVk0J3b3Y5byog=="],

    "turbo": ["turbo@2.4.4", "", { "optionalDependencies": { "turbo-darwin-64": "2.4.4", "turbo-darwin-arm64": "2.4.4", "turbo-linux-64": "2.4.4", "turbo-linux-arm64": "2.4.4", "turbo-windows-64": "2.4.4", "turbo-windows-arm64": "2.4.4" }, "bin": { "turbo": "bin/turbo" } }, "sha512-N9FDOVaY3yz0YCOhYIgOGYad7+m2ptvinXygw27WPLQvcZDl3+0Sa77KGVlLSiuPDChOUEnTKE9VJwLSi9BPGQ=="],

    "turbo-darwin-64": ["turbo-darwin-64@2.4.4", "", { "os": "darwin", "cpu": "x64" }, "sha512-5kPvRkLAfmWI0MH96D+/THnDMGXlFNmjeqNRj5grLKiry+M9pKj3pRuScddAXPdlxjO5Ptz06UNaOQrrYGTx1g=="],

    "turbo-darwin-arm64": ["turbo-darwin-arm64@2.4.4", "", { "os": "darwin", "cpu": "arm64" }, "sha512-/gtHPqbGQXDFhrmy+Q/MFW2HUTUlThJ97WLLSe4bxkDrKHecDYhAjbZ4rN3MM93RV9STQb3Tqy4pZBtsd4DfCw=="],

    "turbo-linux-64": ["turbo-linux-64@2.4.4", "", { "os": "linux", "cpu": "x64" }, "sha512-SR0gri4k0bda56hw5u9VgDXLKb1Q+jrw4lM7WAhnNdXvVoep4d6LmnzgMHQQR12Wxl3KyWPbkz9d1whL6NTm2Q=="],

    "turbo-linux-arm64": ["turbo-linux-arm64@2.4.4", "", { "os": "linux", "cpu": "arm64" }, "sha512-COXXwzRd3vslQIfJhXUklgEqlwq35uFUZ7hnN+AUyXx7hUOLIiD5NblL+ETrHnhY4TzWszrbwUMfe2BYWtaPQg=="],

    "turbo-windows-64": ["turbo-windows-64@2.4.4", "", { "os": "win32", "cpu": "x64" }, "sha512-PV9rYNouGz4Ff3fd6sIfQy5L7HT9a4fcZoEv8PKRavU9O75G7PoDtm8scpHU10QnK0QQNLbE9qNxOAeRvF0fJg=="],

    "turbo-windows-arm64": ["turbo-windows-arm64@2.4.4", "", { "os": "win32", "cpu": "arm64" }, "sha512-403sqp9t5sx6YGEC32IfZTVWkRAixOQomGYB8kEc6ZD+//LirSxzeCHCnM8EmSXw7l57U1G+Fb0kxgTcKPU/Lg=="],

    "typescript": ["typescript@5.8.2", "", { "bin": { "tsc": "bin/tsc", "tsserver": "bin/tsserver" } }, "sha512-aJn6wq13/afZp/jT9QZmwEjDqqvSGp1VT5GVg+f/t6/oVyrgXM6BY1h9BRh/O5p3PlUPAe+WuiEZOmb/49RqoQ=="],

    "undici-types": ["undici-types@7.8.0", "", {}, "sha512-9UJ2xGDvQ43tYyVMpuHlsgApydB8ZKfVYTsLDhXkFL/6gfkp+U8xTGdh8pMJv1SpZna0zxG1DwsKZsreLbXBxw=="],
  }
}
