{
	"name": "remotion",
	"version": "2.4.1",
	"lockfileVersion": 1,
	"requires": true,
	"dependencies": {
		"prettier": {
			"version": "2.0.5",
			"resolved": "https://registry.npmjs.org/prettier/-/prettier-2.0.5.tgz",
			"integrity": "sha512-7PtVymN48hGcO4fGjybyBSIWDsLU4H4XlvOHfq91pz9kkGlonzwTfYkaIEwiRg/dAJF9YlbsduBAgtYLi+8cFg==",
			"dev": true
		}
	}
}
