{
  "name": "@jonny/motion-cli",
  "version": "1.0.0",
  "lockfileVersion": 1,
  "requires": true,
  "dependencies": {
    "xns": {
      "version": "2.0.7",
      "resolved": "https://registry.npmjs.org/xns/-/xns-2.0.7.tgz",
      "integrity": "sha512-5/U+wBrbDAiY9o7aFrKSMh7r6KM45uCvEi9ZODk+YKgzpmnhqr2FLlIAfupWQHoC/5gRp+sXtmWtNrFYiBDOGA=="
    }
  }
}
